
Microsoft Visual Studio Solution File, Format Version 12.00
# Visual Studio Version 16
VisualStudioVersion = 16.0.35229.62
MinimumVisualStudioVersion = 10.0.40219.1
Project("{FAE04EC0-301F-11D3-BF4B-00C04F79EFBC}") = "prj41143264BS", "prj41143264BS\prj41143264BS.csproj", "{F5A10626-355D-423A-AE77-9AE687392898}"
EndProject
Global
	GlobalSection(SolutionConfigurationPlatforms) = preSolution
		Debug|Any CPU = Debug|Any CPU
		Release|Any CPU = Release|Any CPU
	EndGlobalSection
	GlobalSection(ProjectConfigurationPlatforms) = postSolution
		{F5A10626-355D-423A-AE77-9AE687392898}.Debug|Any CPU.ActiveCfg = Debug|Any CPU
		{F5A10626-355D-423A-AE77-9AE687392898}.Debug|Any CPU.Build.0 = Debug|Any CPU
		{F5A10626-355D-423A-AE77-9AE687392898}.Release|Any CPU.ActiveCfg = Release|Any CPU
		{F5A10626-355D-423A-AE77-9AE687392898}.Release|Any CPU.Build.0 = Release|Any CPU
	EndGlobalSection
	GlobalSection(SolutionProperties) = preSolution
		HideSolutionNode = FALSE
	EndGlobalSection
	GlobalSection(ExtensibilityGlobals) = postSolution
		SolutionGuid = {827197C5-17A5-44EE-9B03-281F7DECD9DE}
	EndGlobalSection
EndGlobal
