
Microsoft Visual Studio Solution File, Format Version 12.00
# Visual Studio Version 16
VisualStudioVersion = 16.0.35229.62
MinimumVisualStudioVersion = 10.0.40219.1
Project("{FAE04EC0-301F-11D3-BF4B-00C04F79EFBC}") = "prj41143264ADOEmp", "prj41143264ADOEmp\prj41143264ADOEmp.csproj", "{79250F10-84A6-4BBE-9E7E-D8E72CDC4389}"
EndProject
Global
	GlobalSection(SolutionConfigurationPlatforms) = preSolution
		Debug|Any CPU = Debug|Any CPU
		Release|Any CPU = Release|Any CPU
	EndGlobalSection
	GlobalSection(ProjectConfigurationPlatforms) = postSolution
		{79250F10-84A6-4BBE-9E7E-D8E72CDC4389}.Debug|Any CPU.ActiveCfg = Debug|Any CPU
		{79250F10-84A6-4BBE-9E7E-D8E72CDC4389}.Debug|Any CPU.Build.0 = Debug|Any CPU
		{79250F10-84A6-4BBE-9E7E-D8E72CDC4389}.Release|Any CPU.ActiveCfg = Release|Any CPU
		{79250F10-84A6-4BBE-9E7E-D8E72CDC4389}.Release|Any CPU.Build.0 = Release|Any CPU
	EndGlobalSection
	GlobalSection(SolutionProperties) = preSolution
		HideSolutionNode = FALSE
	EndGlobalSection
	GlobalSection(ExtensibilityGlobals) = postSolution
		SolutionGuid = {A1058A59-CD8D-45A5-A097-438F2B522FF5}
	EndGlobalSection
EndGlobal
