
Microsoft Visual Studio Solution File, Format Version 12.00
# Visual Studio Version 16
VisualStudioVersion = 16.0.35229.62
MinimumVisualStudioVersion = 10.0.40219.1
Project("{FAE04EC0-301F-11D3-BF4B-00C04F79EFBC}") = "prj41143264", "prj41143264\prj41143264.csproj", "{5BAF8C8F-16F6-4F40-BFA6-2CED7C3E29BB}"
EndProject
Global
	GlobalSection(SolutionConfigurationPlatforms) = preSolution
		Debug|Any CPU = Debug|Any CPU
		Release|Any CPU = Release|Any CPU
	EndGlobalSection
	GlobalSection(ProjectConfigurationPlatforms) = postSolution
		{5BAF8C8F-16F6-4F40-BFA6-2CED7C3E29BB}.Debug|Any CPU.ActiveCfg = Debug|Any CPU
		{5BAF8C8F-16F6-4F40-BFA6-2CED7C3E29BB}.Debug|Any CPU.Build.0 = Debug|Any CPU
		{5BAF8C8F-16F6-4F40-BFA6-2CED7C3E29BB}.Release|Any CPU.ActiveCfg = Release|Any CPU
		{5BAF8C8F-16F6-4F40-BFA6-2CED7C3E29BB}.Release|Any CPU.Build.0 = Release|Any CPU
	EndGlobalSection
	GlobalSection(SolutionProperties) = preSolution
		HideSolutionNode = FALSE
	EndGlobalSection
	GlobalSection(ExtensibilityGlobals) = postSolution
		SolutionGuid = {5AD49E50-A88C-418A-8898-C170D6A0F5AA}
	EndGlobalSection
EndGlobal
